
Microsoft Visual Studio Solution File, Format Version 12.00
# Visual Studio Version 16
VisualStudioVersion = 16.0.32929.386
MinimumVisualStudioVersion = 10.0.40219.1
Project("{FAE04EC0-301F-11D3-BF4B-00C04F79EFBC}") = "ATM_Cash_Dispenser", "ATM_Cash_Dispenser\ATM_Cash_Dispenser.csproj", "{99A0DCEB-C4D3-4389-9A44-089F4104B9A2}"
EndProject
Global
	GlobalSection(SolutionConfigurationPlatforms) = preSolution
		Debug|Any CPU = Debug|Any CPU
		Release|Any CPU = Release|Any CPU
	EndGlobalSection
	GlobalSection(ProjectConfigurationPlatforms) = postSolution
		{99A0DCEB-C4D3-4389-9A44-089F4104B9A2}.Debug|Any CPU.ActiveCfg = Debug|Any CPU
		{99A0DCEB-C4D3-4389-9A44-089F4104B9A2}.Debug|Any CPU.Build.0 = Debug|Any CPU
		{99A0DCEB-C4D3-4389-9A44-089F4104B9A2}.Release|Any CPU.ActiveCfg = Release|Any CPU
		{99A0DCEB-C4D3-4389-9A44-089F4104B9A2}.Release|Any CPU.Build.0 = Release|Any CPU
	EndGlobalSection
	GlobalSection(SolutionProperties) = preSolution
		HideSolutionNode = FALSE
	EndGlobalSection
	GlobalSection(ExtensibilityGlobals) = postSolution
		SolutionGuid = {7890850C-C61A-452E-8B46-49A646F623F2}
	EndGlobalSection
EndGlobal
